
Microsoft Visual Studio Solution File, Format Version 12.00
# Visual Studio Version 17
VisualStudioVersion = 17.6.33801.468
MinimumVisualStudioVersion = 10.0.40219.1
Project("{9A19103F-16F7-4668-BE54-9A1E7A4F7556}") = "TheFinalBattle", "TheFinalBattle.csproj", "{3B3E7F77-BA30-4C78-AD1C-77798E488A2C}"
EndProject
Project("{2150E333-8FDC-42A3-9474-1A3956D46DE8}") = "Solution Items", "Solution Items", "{0347ECAF-6CA2-45DB-AD9C-419F93E834CA}"
	ProjectSection(SolutionItems) = preProject
		..\README.md = ..\README.md
	EndProjectSection
EndProject
Global
	GlobalSection(SolutionConfigurationPlatforms) = preSolution
		Debug|Any CPU = Debug|Any CPU
		Release|Any CPU = Release|Any CPU
	EndGlobalSection
	GlobalSection(ProjectConfigurationPlatforms) = postSolution
		{3B3E7F77-BA30-4C78-AD1C-77798E488A2C}.Debug|Any CPU.ActiveCfg = Debug|Any CPU
		{3B3E7F77-BA30-4C78-AD1C-77798E488A2C}.Debug|Any CPU.Build.0 = Debug|Any CPU
		{3B3E7F77-BA30-4C78-AD1C-77798E488A2C}.Release|Any CPU.ActiveCfg = Release|Any CPU
		{3B3E7F77-BA30-4C78-AD1C-77798E488A2C}.Release|Any CPU.Build.0 = Release|Any CPU
	EndGlobalSection
	GlobalSection(SolutionProperties) = preSolution
		HideSolutionNode = FALSE
	EndGlobalSection
	GlobalSection(ExtensibilityGlobals) = postSolution
		SolutionGuid = {63C8AE60-269A-4729-830A-52A8479D76C3}
	EndGlobalSection
EndGlobal
